
Microsoft Visual Studio Solution File, Format Version 12.00
# Visual Studio 15
VisualStudioVersion = 15.0.28307.421
MinimumVisualStudioVersion = 10.0.40219.1
Project("{FAE04EC0-301F-11D3-BF4B-00C04F79EFBC}") = "ConsoleApp1", "ConsoleApp1\ConsoleApp1.csproj", "{088FF0A4-082E-4DC4-855F-E974398E40BC}"
EndProject
Project("{FAE04EC0-301F-11D3-BF4B-00C04F79EFBC}") = "ConsoleApp2", "ConsoleApp2\ConsoleApp2.csproj", "{09A7DD17-DFD6-4086-A052-8C3C366D1929}"
EndProject
Global
	GlobalSection(SolutionConfigurationPlatforms) = preSolution
		Debug|Any CPU = Debug|Any CPU
		Release|Any CPU = Release|Any CPU
	EndGlobalSection
	GlobalSection(ProjectConfigurationPlatforms) = postSolution
		{088FF0A4-082E-4DC4-855F-E974398E40BC}.Debug|Any CPU.ActiveCfg = Debug|Any CPU
		{088FF0A4-082E-4DC4-855F-E974398E40BC}.Debug|Any CPU.Build.0 = Debug|Any CPU
		{088FF0A4-082E-4DC4-855F-E974398E40BC}.Release|Any CPU.ActiveCfg = Release|Any CPU
		{088FF0A4-082E-4DC4-855F-E974398E40BC}.Release|Any CPU.Build.0 = Release|Any CPU
		{09A7DD17-DFD6-4086-A052-8C3C366D1929}.Debug|Any CPU.ActiveCfg = Debug|Any CPU
		{09A7DD17-DFD6-4086-A052-8C3C366D1929}.Debug|Any CPU.Build.0 = Debug|Any CPU
		{09A7DD17-DFD6-4086-A052-8C3C366D1929}.Release|Any CPU.ActiveCfg = Release|Any CPU
		{09A7DD17-DFD6-4086-A052-8C3C366D1929}.Release|Any CPU.Build.0 = Release|Any CPU
	EndGlobalSection
	GlobalSection(SolutionProperties) = preSolution
		HideSolutionNode = FALSE
	EndGlobalSection
	GlobalSection(ExtensibilityGlobals) = postSolution
		SolutionGuid = {E35A40FD-D0B2-4194-9274-AB4813D9081C}
	EndGlobalSection
EndGlobal
